
Microsoft Visual Studio Solution File, Format Version 12.00
# Visual Studio Version 17
VisualStudioVersion = 17.5.002.0
MinimumVisualStudioVersion = 10.0.40219.1
Project("{9A19103F-16F7-4668-BE54-9A1E7A4F7556}") = "03construtor", "03construtor.csproj", "{E885E9BE-6B14-4C68-A6CF-9C83FCA968AF}"
EndProject
Global
	GlobalSection(SolutionConfigurationPlatforms) = preSolution
		Debug|Any CPU = Debug|Any CPU
		Release|Any CPU = Release|Any CPU
	EndGlobalSection
	GlobalSection(ProjectConfigurationPlatforms) = postSolution
		{E885E9BE-6B14-4C68-A6CF-9C83FCA968AF}.Debug|Any CPU.ActiveCfg = Debug|Any CPU
		{E885E9BE-6B14-4C68-A6CF-9C83FCA968AF}.Debug|Any CPU.Build.0 = Debug|Any CPU
		{E885E9BE-6B14-4C68-A6CF-9C83FCA968AF}.Release|Any CPU.ActiveCfg = Release|Any CPU
		{E885E9BE-6B14-4C68-A6CF-9C83FCA968AF}.Release|Any CPU.Build.0 = Release|Any CPU
	EndGlobalSection
	GlobalSection(SolutionProperties) = preSolution
		HideSolutionNode = FALSE
	EndGlobalSection
	GlobalSection(ExtensibilityGlobals) = postSolution
		SolutionGuid = {09D7CA67-49D9-406E-9162-1F4407858867}
	EndGlobalSection
EndGlobal
